
Microsoft Visual Studio Solution File, Format Version 12.00
# Visual Studio Version 17
VisualStudioVersion = 17.2.32630.192
MinimumVisualStudioVersion = 10.0.40219.1
Project("{FAE04EC0-301F-11D3-BF4B-00C04F79EFBC}") = "HelloWorld8", "HelloWorld8\HelloWorld8.csproj", "{61872AA8-3F80-4237-9602-BB664790548E}"
EndProject
Global
	GlobalSection(SolutionConfigurationPlatforms) = preSolution
		Debug|Any CPU = Debug|Any CPU
		Release|Any CPU = Release|Any CPU
	EndGlobalSection
	GlobalSection(ProjectConfigurationPlatforms) = postSolution
		{61872AA8-3F80-4237-9602-BB664790548E}.Debug|Any CPU.ActiveCfg = Debug|Any CPU
		{61872AA8-3F80-4237-9602-BB664790548E}.Debug|Any CPU.Build.0 = Debug|Any CPU
		{61872AA8-3F80-4237-9602-BB664790548E}.Release|Any CPU.ActiveCfg = Release|Any CPU
		{61872AA8-3F80-4237-9602-BB664790548E}.Release|Any CPU.Build.0 = Release|Any CPU
	EndGlobalSection
	GlobalSection(SolutionProperties) = preSolution
		HideSolutionNode = FALSE
	EndGlobalSection
	GlobalSection(ExtensibilityGlobals) = postSolution
		SolutionGuid = {2A04617E-C4B1-4CF4-8ADE-3A2C4461CB81}
	EndGlobalSection
EndGlobal
